
Microsoft Visual Studio Solution File, Format Version 12.00
# Visual Studio Version 17
VisualStudioVersion = 17.0.31903.59
MinimumVisualStudioVersion = 10.0.40219.1
Project("{2150E333-8FDC-42A3-9474-1A3956D46DE8}") = "src", "src", "{11111111-1111-1111-1111-111111111111}"
EndProject
Project("{2150E333-8FDC-42A3-9474-1A3956D46DE8}") = "tests", "tests", "{22222222-2222-2222-2222-222222222222}"
EndProject
Project("{9A19103F-16F7-4668-BE54-9A1E7A4F7556}") = "Dotnetable.Domain", "src\Dotnetable.Domain\Dotnetable.Domain.csproj", "{B1C2D3E4-F5A6-7B8C-9D0E-1F2A3B4C5D6E}"
EndProject
Project("{9A19103F-16F7-4668-BE54-9A1E7A4F7556}") = "Dotnetable.Application", "src\Dotnetable.Application\Dotnetable.Application.csproj", "{C2D3E4F5-A6B7-8C9D-0E1F-2A3B4C5D6E7F}"
EndProject
Project("{9A19103F-16F7-4668-BE54-9A1E7A4F7556}") = "Dotnetable.Infrastructure", "src\Dotnetable.Infrastructure\Dotnetable.Infrastructure.csproj", "{D3E4F5A6-B7C8-9D0E-1F2A-3B4C5D6E7F8A}"
EndProject
Project("{9A19103F-16F7-4668-BE54-9A1E7A4F7556}") = "Dotnetable.API", "src\Dotnetable.API\Dotnetable.API.csproj", "{E4F5A6B7-C8D9-0E1F-2A3B-4C5D6E7F8A9B}"
EndProject
Project("{9A19103F-16F7-4668-BE54-9A1E7A4F7556}") = "Dotnetable.Web", "src\Dotnetable.Web\Dotnetable.Web.csproj", "{F5A6B7C8-D9E0-1F2A-3B4C-5D6E7F8A9B0C}"
EndProject
Project("{00D1A9C2-B5AA-4197-B51D-BA2D2294DE07}") = "Dotnetable.Database", "src\Dotnetable.Database\Dotnetable.Database.sqlproj", "{A6B7C8D9-E0F1-2A3B-4C5D-6E7F8A9B0C1D}"
EndProject
Project("{9A19103F-16F7-4668-BE54-9A1E7A4F7556}") = "Dotnetable.Admin", "src\Dotnetable.Admin\Dotnetable.Admin.csproj", "{C8D9E0F1-A2B3-4C5D-6E7F-8A9B0C1D2E3F}"
EndProject
Project("{9A19103F-16F7-4668-BE54-9A1E7A4F7556}") = "Dotnetable.Tests", "tests\Dotnetable.Tests\Dotnetable.Tests.csproj", "{B7C8D9E0-F1A2-3B4C-5D6E-7F8A9B0C1D2E}"
EndProject
Global
	GlobalSection(SolutionConfigurationPlatforms) = preSolution
		Debug|Any CPU = Debug|Any CPU
		Release|Any CPU = Release|Any CPU
	EndGlobalSection
	GlobalSection(ProjectConfigurationPlatforms) = postSolution
		{B1C2D3E4-F5A6-7B8C-9D0E-1F2A3B4C5D6E}.Debug|Any CPU.ActiveCfg = Debug|Any CPU
		{B1C2D3E4-F5A6-7B8C-9D0E-1F2A3B4C5D6E}.Debug|Any CPU.Build.0 = Debug|Any CPU
		{B1C2D3E4-F5A6-7B8C-9D0E-1F2A3B4C5D6E}.Release|Any CPU.ActiveCfg = Release|Any CPU
		{B1C2D3E4-F5A6-7B8C-9D0E-1F2A3B4C5D6E}.Release|Any CPU.Build.0 = Release|Any CPU
		{C2D3E4F5-A6B7-8C9D-0E1F-2A3B4C5D6E7F}.Debug|Any CPU.ActiveCfg = Debug|Any CPU
		{C2D3E4F5-A6B7-8C9D-0E1F-2A3B4C5D6E7F}.Debug|Any CPU.Build.0 = Debug|Any CPU
		{C2D3E4F5-A6B7-8C9D-0E1F-2A3B4C5D6E7F}.Release|Any CPU.ActiveCfg = Release|Any CPU
		{C2D3E4F5-A6B7-8C9D-0E1F-2A3B4C5D6E7F}.Release|Any CPU.Build.0 = Release|Any CPU
		{D3E4F5A6-B7C8-9D0E-1F2A-3B4C5D6E7F8A}.Debug|Any CPU.ActiveCfg = Debug|Any CPU
		{D3E4F5A6-B7C8-9D0E-1F2A-3B4C5D6E7F8A}.Debug|Any CPU.Build.0 = Debug|Any CPU
		{D3E4F5A6-B7C8-9D0E-1F2A-3B4C5D6E7F8A}.Release|Any CPU.ActiveCfg = Release|Any CPU
		{D3E4F5A6-B7C8-9D0E-1F2A-3B4C5D6E7F8A}.Release|Any CPU.Build.0 = Release|Any CPU
		{E4F5A6B7-C8D9-0E1F-2A3B-4C5D6E7F8A9B}.Debug|Any CPU.ActiveCfg = Debug|Any CPU
		{E4F5A6B7-C8D9-0E1F-2A3B-4C5D6E7F8A9B}.Debug|Any CPU.Build.0 = Debug|Any CPU
		{E4F5A6B7-C8D9-0E1F-2A3B-4C5D6E7F8A9B}.Release|Any CPU.ActiveCfg = Release|Any CPU
		{E4F5A6B7-C8D9-0E1F-2A3B-4C5D6E7F8A9B}.Release|Any CPU.Build.0 = Release|Any CPU
		{F5A6B7C8-D9E0-1F2A-3B4C-5D6E7F8A9B0C}.Debug|Any CPU.ActiveCfg = Debug|Any CPU
		{F5A6B7C8-D9E0-1F2A-3B4C-5D6E7F8A9B0C}.Debug|Any CPU.Build.0 = Debug|Any CPU
		{F5A6B7C8-D9E0-1F2A-3B4C-5D6E7F8A9B0C}.Release|Any CPU.ActiveCfg = Release|Any CPU
		{F5A6B7C8-D9E0-1F2A-3B4C-5D6E7F8A9B0C}.Release|Any CPU.Build.0 = Release|Any CPU
		{A6B7C8D9-E0F1-2A3B-4C5D-6E7F8A9B0C1D}.Debug|Any CPU.ActiveCfg = Debug|Any CPU
		{A6B7C8D9-E0F1-2A3B-4C5D-6E7F8A9B0C1D}.Release|Any CPU.ActiveCfg = Release|Any CPU
		{C8D9E0F1-A2B3-4C5D-6E7F-8A9B0C1D2E3F}.Debug|Any CPU.ActiveCfg = Debug|Any CPU
		{C8D9E0F1-A2B3-4C5D-6E7F-8A9B0C1D2E3F}.Debug|Any CPU.Build.0 = Debug|Any CPU
		{C8D9E0F1-A2B3-4C5D-6E7F-8A9B0C1D2E3F}.Release|Any CPU.ActiveCfg = Release|Any CPU
		{C8D9E0F1-A2B3-4C5D-6E7F-8A9B0C1D2E3F}.Release|Any CPU.Build.0 = Release|Any CPU
		{B7C8D9E0-F1A2-3B4C-5D6E-7F8A9B0C1D2E}.Debug|Any CPU.ActiveCfg = Debug|Any CPU
		{B7C8D9E0-F1A2-3B4C-5D6E-7F8A9B0C1D2E}.Debug|Any CPU.Build.0 = Debug|Any CPU
		{B7C8D9E0-F1A2-3B4C-5D6E-7F8A9B0C1D2E}.Release|Any CPU.ActiveCfg = Release|Any CPU
		{B7C8D9E0-F1A2-3B4C-5D6E-7F8A9B0C1D2E}.Release|Any CPU.Build.0 = Release|Any CPU
	EndGlobalSection
	GlobalSection(NestedProjects) = preSolution
		{B1C2D3E4-F5A6-7B8C-9D0E-1F2A3B4C5D6E} = {11111111-1111-1111-1111-111111111111}
		{C2D3E4F5-A6B7-8C9D-0E1F-2A3B4C5D6E7F} = {11111111-1111-1111-1111-111111111111}
		{D3E4F5A6-B7C8-9D0E-1F2A-3B4C5D6E7F8A} = {11111111-1111-1111-1111-111111111111}
		{E4F5A6B7-C8D9-0E1F-2A3B-4C5D6E7F8A9B} = {11111111-1111-1111-1111-111111111111}
		{F5A6B7C8-D9E0-1F2A-3B4C-5D6E7F8A9B0C} = {11111111-1111-1111-1111-111111111111}
		{A6B7C8D9-E0F1-2A3B-4C5D-6E7F8A9B0C1D} = {11111111-1111-1111-1111-111111111111}
		{C8D9E0F1-A2B3-4C5D-6E7F-8A9B0C1D2E3F} = {11111111-1111-1111-1111-111111111111}
		{B7C8D9E0-F1A2-3B4C-5D6E-7F8A9B0C1D2E} = {22222222-2222-2222-2222-222222222222}
	EndGlobalSection
	GlobalSection(SolutionProperties) = preSolution
		HideSolutionNode = FALSE
	EndGlobalSection
EndGlobal
